
Microsoft Visual Studio Solution File, Format Version 12.00
# Visual Studio Version 16
VisualStudioVersion = 16.0.31410.357
MinimumVisualStudioVersion = 10.0.40219.1
Project("{FAE04EC0-301F-11D3-BF4B-00C04F79EFBC}") = "MadLib 1", "MadLib 1\MadLib 1.csproj", "{94AA52EF-69E8-47E8-BC89-0BF6BAFF2CB8}"
EndProject
Global
	GlobalSection(SolutionConfigurationPlatforms) = preSolution
		Debug|Any CPU = Debug|Any CPU
		Release|Any CPU = Release|Any CPU
	EndGlobalSection
	GlobalSection(ProjectConfigurationPlatforms) = postSolution
		{94AA52EF-69E8-47E8-BC89-0BF6BAFF2CB8}.Debug|Any CPU.ActiveCfg = Debug|Any CPU
		{94AA52EF-69E8-47E8-BC89-0BF6BAFF2CB8}.Debug|Any CPU.Build.0 = Debug|Any CPU
		{94AA52EF-69E8-47E8-BC89-0BF6BAFF2CB8}.Release|Any CPU.ActiveCfg = Release|Any CPU
		{94AA52EF-69E8-47E8-BC89-0BF6BAFF2CB8}.Release|Any CPU.Build.0 = Release|Any CPU
	EndGlobalSection
	GlobalSection(SolutionProperties) = preSolution
		HideSolutionNode = FALSE
	EndGlobalSection
	GlobalSection(ExtensibilityGlobals) = postSolution
		SolutionGuid = {B6BE4EBF-94AD-4754-B465-2EB8240B484A}
	EndGlobalSection
EndGlobal
